// !$*UTF8*$!
{
	archiveVersion = 1;
	classes = {
	};
	objectVersion = 56;
	objects = {

/* Begin PBXBuildFile section */
		DE6DB0332A41A5E90035C427 /* Scan2CookApp.swift in Sources */ = {isa = PBXBuildFile; fileRef = DE6DB0322A41A5E90035C427 /* Scan2CookApp.swift */; };
		DE6DB0352A41A5E90035C427 /* ContentView.swift in Sources */ = {isa = PBXBuildFile; fileRef = DE6DB0342A41A5E90035C427 /* ContentView.swift */; };
		DE6DB0372A41A5EB0035C427 /* Assets.xcassets in Resources */ = {isa = PBXBuildFile; fileRef = DE6DB0362A41A5EB0035C427 /* Assets.xcassets */; };
		DE6DB03A2A41A5EB0035C427 /* Preview Assets.xcassets in Resources */ = {isa = PBXBuildFile; fileRef = DE6DB0392A41A5EB0035C427 /* Preview Assets.xcassets */; };
		DE6DB0422A41BAFB0035C427 /* OnboardingView.swift in Sources */ = {isa = PBXBuildFile; fileRef = DE6DB0412A41BAFB0035C427 /* OnboardingView.swift */; };
		DE9B72362A42374D00C3DEDD /* Onboarding.swift in Sources */ = {isa = PBXBuildFile; fileRef = DE9B72352A42374D00C3DEDD /* Onboarding.swift */; };
		DE9B72382A423E0C00C3DEDD /* OnboardingPersonalizationView.swift in Sources */ = {isa = PBXBuildFile; fileRef = DE9B72372A423E0C00C3DEDD /* OnboardingPersonalizationView.swift */; };
		DE9B723A2A4240FF00C3DEDD /* HomeView.swift in Sources */ = {isa = PBXBuildFile; fileRef = DE9B72392A4240FF00C3DEDD /* HomeView.swift */; };
		DE9B72402A42425200C3DEDD /* PersonalizationType.swift in Sources */ = {isa = PBXBuildFile; fileRef = DE9B723F2A42425200C3DEDD /* PersonalizationType.swift */; };
		DE9B72422A42457B00C3DEDD /* PersonalizationViewModel.swift in Sources */ = {isa = PBXBuildFile; fileRef = DE9B72412A42457B00C3DEDD /* PersonalizationViewModel.swift */; };
		DE9B72452A424DAC00C3DEDD /* CupertinoButton.swift in Sources */ = {isa = PBXBuildFile; fileRef = DE9B72442A424DAC00C3DEDD /* CupertinoButton.swift */; };
		DE9B72472A42565C00C3DEDD /* PersonalizationTag.swift in Sources */ = {isa = PBXBuildFile; fileRef = DE9B72462A42565C00C3DEDD /* PersonalizationTag.swift */; };
		DEE450CF2A45A6B800D2EA4A /* HorizontalScrollViewMenu.swift in Sources */ = {isa = PBXBuildFile; fileRef = DEE450CE2A45A6B800D2EA4A /* HorizontalScrollViewMenu.swift */; };
		DEE450D32A45A9C100D2EA4A /* HomeViewModel.swift in Sources */ = {isa = PBXBuildFile; fileRef = DEE450D22A45A9C100D2EA4A /* HomeViewModel.swift */; };
		DEE450D52A45AA2800D2EA4A /* Recipe.swift in Sources */ = {isa = PBXBuildFile; fileRef = DEE450D42A45AA2800D2EA4A /* Recipe.swift */; };
/* End PBXBuildFile section */

/* Begin PBXFileReference section */
		DE6DB02F2A41A5E90035C427 /* Scan2Cook.app */ = {isa = PBXFileReference; explicitFileType = wrapper.application; includeInIndex = 0; path = Scan2Cook.app; sourceTree = BUILT_PRODUCTS_DIR; };
		DE6DB0322A41A5E90035C427 /* Scan2CookApp.swift */ = {isa = PBXFileReference; lastKnownFileType = sourcecode.swift; path = Scan2CookApp.swift; sourceTree = "<group>"; };
		DE6DB0342A41A5E90035C427 /* ContentView.swift */ = {isa = PBXFileReference; lastKnownFileType = sourcecode.swift; path = ContentView.swift; sourceTree = "<group>"; };
		DE6DB0362A41A5EB0035C427 /* Assets.xcassets */ = {isa = PBXFileReference; lastKnownFileType = folder.assetcatalog; path = Assets.xcassets; sourceTree = "<group>"; };
		DE6DB0392A41A5EB0035C427 /* Preview Assets.xcassets */ = {isa = PBXFileReference; lastKnownFileType = folder.assetcatalog; path = "Preview Assets.xcassets"; sourceTree = "<group>"; };
		DE6DB0412A41BAFB0035C427 /* OnboardingView.swift */ = {isa = PBXFileReference; lastKnownFileType = sourcecode.swift; path = OnboardingView.swift; sourceTree = "<group>"; };
		DE9B72352A42374D00C3DEDD /* Onboarding.swift */ = {isa = PBXFileReference; lastKnownFileType = sourcecode.swift; path = Onboarding.swift; sourceTree = "<group>"; };
		DE9B72372A423E0C00C3DEDD /* OnboardingPersonalizationView.swift */ = {isa = PBXFileReference; lastKnownFileType = sourcecode.swift; path = OnboardingPersonalizationView.swift; sourceTree = "<group>"; };
		DE9B72392A4240FF00C3DEDD /* HomeView.swift */ = {isa = PBXFileReference; lastKnownFileType = sourcecode.swift; path = HomeView.swift; sourceTree = "<group>"; };
		DE9B723F2A42425200C3DEDD /* PersonalizationType.swift */ = {isa = PBXFileReference; lastKnownFileType = sourcecode.swift; path = PersonalizationType.swift; sourceTree = "<group>"; };
		DE9B72412A42457B00C3DEDD /* PersonalizationViewModel.swift */ = {isa = PBXFileReference; lastKnownFileType = sourcecode.swift; path = PersonalizationViewModel.swift; sourceTree = "<group>"; };
		DE9B72442A424DAC00C3DEDD /* CupertinoButton.swift */ = {isa = PBXFileReference; lastKnownFileType = sourcecode.swift; path = CupertinoButton.swift; sourceTree = "<group>"; };
		DE9B72462A42565C00C3DEDD /* PersonalizationTag.swift */ = {isa = PBXFileReference; lastKnownFileType = sourcecode.swift; path = PersonalizationTag.swift; sourceTree = "<group>"; };
		DEE450CE2A45A6B800D2EA4A /* HorizontalScrollViewMenu.swift */ = {isa = PBXFileReference; lastKnownFileType = sourcecode.swift; path = HorizontalScrollViewMenu.swift; sourceTree = "<group>"; };
		DEE450D22A45A9C100D2EA4A /* HomeViewModel.swift */ = {isa = PBXFileReference; lastKnownFileType = sourcecode.swift; path = HomeViewModel.swift; sourceTree = "<group>"; };
		DEE450D42A45AA2800D2EA4A /* Recipe.swift */ = {isa = PBXFileReference; lastKnownFileType = sourcecode.swift; path = Recipe.swift; sourceTree = "<group>"; };
/* End PBXFileReference section */

/* Begin PBXFrameworksBuildPhase section */
		DE6DB02C2A41A5E90035C427 /* Frameworks */ = {
			isa = PBXFrameworksBuildPhase;
			buildActionMask = 2147483647;
			files = (
			);
			runOnlyForDeploymentPostprocessing = 0;
		};
/* End PBXFrameworksBuildPhase section */

/* Begin PBXGroup section */
		DE6DB0262A41A5E90035C427 = {
			isa = PBXGroup;
			children = (
				DE6DB0312A41A5E90035C427 /* Scan2Cook */,
				DE6DB0302A41A5E90035C427 /* Products */,
			);
			sourceTree = "<group>";
		};
		DE6DB0302A41A5E90035C427 /* Products */ = {
			isa = PBXGroup;
			children = (
				DE6DB02F2A41A5E90035C427 /* Scan2Cook.app */,
			);
			name = Products;
			sourceTree = "<group>";
		};
		DE6DB0312A41A5E90035C427 /* Scan2Cook */ = {
			isa = PBXGroup;
			children = (
				DE9B72432A424D9100C3DEDD /* components */,
				DE9B723E2A42423B00C3DEDD /* Enums */,
				DE9B723B2A42414F00C3DEDD /* ViewModels */,
				DE9B72342A42373D00C3DEDD /* Models */,
				DE6DB0402A41BAE50035C427 /* Views */,
				DE6DB0322A41A5E90035C427 /* Scan2CookApp.swift */,
				DE6DB0342A41A5E90035C427 /* ContentView.swift */,
				DE6DB0362A41A5EB0035C427 /* Assets.xcassets */,
				DE6DB0382A41A5EB0035C427 /* Preview Content */,
			);
			path = Scan2Cook;
			sourceTree = "<group>";
		};
		DE6DB0382A41A5EB0035C427 /* Preview Content */ = {
			isa = PBXGroup;
			children = (
				DE6DB0392A41A5EB0035C427 /* Preview Assets.xcassets */,
			);
			path = "Preview Content";
			sourceTree = "<group>";
		};
		DE6DB0402A41BAE50035C427 /* Views */ = {
			isa = PBXGroup;
			children = (
				DE6DB0412A41BAFB0035C427 /* OnboardingView.swift */,
				DE9B72372A423E0C00C3DEDD /* OnboardingPersonalizationView.swift */,
				DE9B72392A4240FF00C3DEDD /* HomeView.swift */,
			);
			path = Views;
			sourceTree = "<group>";
		};
		DE9B72342A42373D00C3DEDD /* Models */ = {
			isa = PBXGroup;
			children = (
				DE9B72352A42374D00C3DEDD /* Onboarding.swift */,
				DEE450D42A45AA2800D2EA4A /* Recipe.swift */,
			);
			path = Models;
			sourceTree = "<group>";
		};
		DE9B723B2A42414F00C3DEDD /* ViewModels */ = {
			isa = PBXGroup;
			children = (
				DE9B72412A42457B00C3DEDD /* PersonalizationViewModel.swift */,
				DEE450D22A45A9C100D2EA4A /* HomeViewModel.swift */,
			);
			path = ViewModels;
			sourceTree = "<group>";
		};
		DE9B723E2A42423B00C3DEDD /* Enums */ = {
			isa = PBXGroup;
			children = (
				DE9B723F2A42425200C3DEDD /* PersonalizationType.swift */,
			);
			path = Enums;
			sourceTree = "<group>";
		};
		DE9B72432A424D9100C3DEDD /* components */ = {
			isa = PBXGroup;
			children = (
				DE9B72442A424DAC00C3DEDD /* CupertinoButton.swift */,
				DE9B72462A42565C00C3DEDD /* PersonalizationTag.swift */,
				DEE450CE2A45A6B800D2EA4A /* HorizontalScrollViewMenu.swift */,
			);
			path = components;
			sourceTree = "<group>";
		};
/* End PBXGroup section */

/* Begin PBXNativeTarget section */
		DE6DB02E2A41A5E90035C427 /* Scan2Cook */ = {
			isa = PBXNativeTarget;
			buildConfigurationList = DE6DB03D2A41A5EB0035C427 /* Build configuration list for PBXNativeTarget "Scan2Cook" */;
			buildPhases = (
				DE6DB02B2A41A5E90035C427 /* Sources */,
				DE6DB02C2A41A5E90035C427 /* Frameworks */,
				DE6DB02D2A41A5E90035C427 /* Resources */,
			);
			buildRules = (
			);
			dependencies = (
			);
			name = Scan2Cook;
			productName = Scan2Cook;
			productReference = DE6DB02F2A41A5E90035C427 /* Scan2Cook.app */;
			productType = "com.apple.product-type.application";
		};
/* End PBXNativeTarget section */

/* Begin PBXProject section */
		DE6DB0272A41A5E90035C427 /* Project object */ = {
			isa = PBXProject;
			attributes = {
				BuildIndependentTargetsInParallel = 1;
				LastSwiftUpdateCheck = 1430;
				LastUpgradeCheck = 1430;
				TargetAttributes = {
					DE6DB02E2A41A5E90035C427 = {
						CreatedOnToolsVersion = 14.3;
					};
				};
			};
			buildConfigurationList = DE6DB02A2A41A5E90035C427 /* Build configuration list for PBXProject "Scan2Cook" */;
			compatibilityVersion = "Xcode 14.0";
			developmentRegion = en;
			hasScannedForEncodings = 0;
			knownRegions = (
				en,
				Base,
			);
			mainGroup = DE6DB0262A41A5E90035C427;
			productRefGroup = DE6DB0302A41A5E90035C427 /* Products */;
			projectDirPath = "";
			projectRoot = "";
			targets = (
				DE6DB02E2A41A5E90035C427 /* Scan2Cook */,
			);
		};
/* End PBXProject section */

/* Begin PBXResourcesBuildPhase section */
		DE6DB02D2A41A5E90035C427 /* Resources */ = {
			isa = PBXResourcesBuildPhase;
			buildActionMask = 2147483647;
			files = (
				DE6DB03A2A41A5EB0035C427 /* Preview Assets.xcassets in Resources */,
				DE6DB0372A41A5EB0035C427 /* Assets.xcassets in Resources */,
			);
			runOnlyForDeploymentPostprocessing = 0;
		};
/* End PBXResourcesBuildPhase section */

/* Begin PBXSourcesBuildPhase section */
		DE6DB02B2A41A5E90035C427 /* Sources */ = {
			isa = PBXSourcesBuildPhase;
			buildActionMask = 2147483647;
			files = (
				DE9B72422A42457B00C3DEDD /* PersonalizationViewModel.swift in Sources */,
				DE9B72402A42425200C3DEDD /* PersonalizationType.swift in Sources */,
				DE6DB0422A41BAFB0035C427 /* OnboardingView.swift in Sources */,
				DE6DB0352A41A5E90035C427 /* ContentView.swift in Sources */,
				DE9B72362A42374D00C3DEDD /* Onboarding.swift in Sources */,
				DEE450CF2A45A6B800D2EA4A /* HorizontalScrollViewMenu.swift in Sources */,
				DE9B723A2A4240FF00C3DEDD /* HomeView.swift in Sources */,
				DEE450D32A45A9C100D2EA4A /* HomeViewModel.swift in Sources */,
				DE9B72452A424DAC00C3DEDD /* CupertinoButton.swift in Sources */,
				DE9B72472A42565C00C3DEDD /* PersonalizationTag.swift in Sources */,
				DEE450D52A45AA2800D2EA4A /* Recipe.swift in Sources */,
				DE6DB0332A41A5E90035C427 /* Scan2CookApp.swift in Sources */,
				DE9B72382A423E0C00C3DEDD /* OnboardingPersonalizationView.swift in Sources */,
			);
			runOnlyForDeploymentPostprocessing = 0;
		};
/* End PBXSourcesBuildPhase section */

/* Begin XCBuildConfiguration section */
		DE6DB03B2A41A5EB0035C427 /* Debug */ = {
			isa = XCBuildConfiguration;
			buildSettings = {
				ALWAYS_SEARCH_USER_PATHS = NO;
				CLANG_ANALYZER_NONNULL = YES;
				CLANG_ANALYZER_NUMBER_OBJECT_CONVERSION = YES_AGGRESSIVE;
				CLANG_CXX_LANGUAGE_STANDARD = "gnu++20";
				CLANG_ENABLE_MODULES = YES;
				CLANG_ENABLE_OBJC_ARC = YES;
				CLANG_ENABLE_OBJC_WEAK = YES;
				CLANG_WARN_BLOCK_CAPTURE_AUTORELEASING = YES;
				CLANG_WARN_BOOL_CONVERSION = YES;
				CLANG_WARN_COMMA = YES;
				CLANG_WARN_CONSTANT_CONVERSION = YES;
				CLANG_WARN_DEPRECATED_OBJC_IMPLEMENTATIONS = YES;
				CLANG_WARN_DIRECT_OBJC_ISA_USAGE = YES_ERROR;
				CLANG_WARN_DOCUMENTATION_COMMENTS = YES;
				CLANG_WARN_EMPTY_BODY = YES;
				CLANG_WARN_ENUM_CONVERSION = YES;
				CLANG_WARN_INFINITE_RECURSION = YES;
				CLANG_WARN_INT_CONVERSION = YES;
				CLANG_WARN_NON_LITERAL_NULL_CONVERSION = YES;
				CLANG_WARN_OBJC_IMPLICIT_RETAIN_SELF = YES;
				CLANG_WARN_OBJC_LITERAL_CONVERSION = YES;
				CLANG_WARN_OBJC_ROOT_CLASS = YES_ERROR;
				CLANG_WARN_QUOTED_INCLUDE_IN_FRAMEWORK_HEADER = YES;
				CLANG_WARN_RANGE_LOOP_ANALYSIS = YES;
				CLANG_WARN_STRICT_PROTOTYPES = YES;
				CLANG_WARN_SUSPICIOUS_MOVE = YES;
				CLANG_WARN_UNGUARDED_AVAILABILITY = YES_AGGRESSIVE;
				CLANG_WARN_UNREACHABLE_CODE = YES;
				CLANG_WARN__DUPLICATE_METHOD_MATCH = YES;
				COPY_PHASE_STRIP = NO;
				DEBUG_INFORMATION_FORMAT = dwarf;
				ENABLE_STRICT_OBJC_MSGSEND = YES;
				ENABLE_TESTABILITY = YES;
				GCC_C_LANGUAGE_STANDARD = gnu11;
				GCC_DYNAMIC_NO_PIC = NO;
				GCC_NO_COMMON_BLOCKS = YES;
				GCC_OPTIMIZATION_LEVEL = 0;
				GCC_PREPROCESSOR_DEFINITIONS = (
					"DEBUG=1",
					"$(inherited)",
				);
				GCC_WARN_64_TO_32_BIT_CONVERSION = YES;
				GCC_WARN_ABOUT_RETURN_TYPE = YES_ERROR;
				GCC_WARN_UNDECLARED_SELECTOR = YES;
				GCC_WARN_UNINITIALIZED_AUTOS = YES_AGGRESSIVE;
				GCC_WARN_UNUSED_FUNCTION = YES;
				GCC_WARN_UNUSED_VARIABLE = YES;
				IPHONEOS_DEPLOYMENT_TARGET = 16.4;
				MTL_ENABLE_DEBUG_INFO = INCLUDE_SOURCE;
				MTL_FAST_MATH = YES;
				ONLY_ACTIVE_ARCH = YES;
				SDKROOT = iphoneos;
				SWIFT_ACTIVE_COMPILATION_CONDITIONS = DEBUG;
				SWIFT_OPTIMIZATION_LEVEL = "-Onone";
			};
			name = Debug;
		};
		DE6DB03C2A41A5EB0035C427 /* Release */ = {
			isa = XCBuildConfiguration;
			buildSettings = {
				ALWAYS_SEARCH_USER_PATHS = NO;
				CLANG_ANALYZER_NONNULL = YES;
				CLANG_ANALYZER_NUMBER_OBJECT_CONVERSION = YES_AGGRESSIVE;
				CLANG_CXX_LANGUAGE_STANDARD = "gnu++20";
				CLANG_ENABLE_MODULES = YES;
				CLANG_ENABLE_OBJC_ARC = YES;
				CLANG_ENABLE_OBJC_WEAK = YES;
				CLANG_WARN_BLOCK_CAPTURE_AUTORELEASING = YES;
				CLANG_WARN_BOOL_CONVERSION = YES;
				CLANG_WARN_COMMA = YES;
				CLANG_WARN_CONSTANT_CONVERSION = YES;
				CLANG_WARN_DEPRECATED_OBJC_IMPLEMENTATIONS = YES;
				CLANG_WARN_DIRECT_OBJC_ISA_USAGE = YES_ERROR;
				CLANG_WARN_DOCUMENTATION_COMMENTS = YES;
				CLANG_WARN_EMPTY_BODY = YES;
				CLANG_WARN_ENUM_CONVERSION = YES;
				CLANG_WARN_INFINITE_RECURSION = YES;
				CLANG_WARN_INT_CONVERSION = YES;
				CLANG_WARN_NON_LITERAL_NULL_CONVERSION = YES;
				CLANG_WARN_OBJC_IMPLICIT_RETAIN_SELF = YES;
				CLANG_WARN_OBJC_LITERAL_CONVERSION = YES;
				CLANG_WARN_OBJC_ROOT_CLASS = YES_ERROR;
				CLANG_WARN_QUOTED_INCLUDE_IN_FRAMEWORK_HEADER = YES;
				CLANG_WARN_RANGE_LOOP_ANALYSIS = YES;
				CLANG_WARN_STRICT_PROTOTYPES = YES;
				CLANG_WARN_SUSPICIOUS_MOVE = YES;
				CLANG_WARN_UNGUARDED_AVAILABILITY = YES_AGGRESSIVE;
				CLANG_WARN_UNREACHABLE_CODE = YES;
				CLANG_WARN__DUPLICATE_METHOD_MATCH = YES;
				COPY_PHASE_STRIP = NO;
				DEBUG_INFORMATION_FORMAT = "dwarf-with-dsym";
				ENABLE_NS_ASSERTIONS = NO;
				ENABLE_STRICT_OBJC_MSGSEND = YES;
				GCC_C_LANGUAGE_STANDARD = gnu11;
				GCC_NO_COMMON_BLOCKS = YES;
				GCC_WARN_64_TO_32_BIT_CONVERSION = YES;
				GCC_WARN_ABOUT_RETURN_TYPE = YES_ERROR;
				GCC_WARN_UNDECLARED_SELECTOR = YES;
				GCC_WARN_UNINITIALIZED_AUTOS = YES_AGGRESSIVE;
				GCC_WARN_UNUSED_FUNCTION = YES;
				GCC_WARN_UNUSED_VARIABLE = YES;
				IPHONEOS_DEPLOYMENT_TARGET = 16.4;
				MTL_ENABLE_DEBUG_INFO = NO;
				MTL_FAST_MATH = YES;
				SDKROOT = iphoneos;
				SWIFT_COMPILATION_MODE = wholemodule;
				SWIFT_OPTIMIZATION_LEVEL = "-O";
				VALIDATE_PRODUCT = YES;
			};
			name = Release;
		};
		DE6DB03E2A41A5EB0035C427 /* Debug */ = {
			isa = XCBuildConfiguration;
			buildSettings = {
				ASSETCATALOG_COMPILER_APPICON_NAME = AppIcon;
				ASSETCATALOG_COMPILER_GLOBAL_ACCENT_COLOR_NAME = AccentColor;
				CODE_SIGN_STYLE = Automatic;
				CURRENT_PROJECT_VERSION = 1;
				DEVELOPMENT_ASSET_PATHS = "\"Scan2Cook/Preview Content\"";
				DEVELOPMENT_TEAM = KYR4X9M655;
				ENABLE_PREVIEWS = YES;
				GENERATE_INFOPLIST_FILE = YES;
				INFOPLIST_KEY_UIApplicationSceneManifest_Generation = YES;
				INFOPLIST_KEY_UIApplicationSupportsIndirectInputEvents = YES;
				INFOPLIST_KEY_UILaunchScreen_Generation = YES;
				INFOPLIST_KEY_UISupportedInterfaceOrientations_iPad = "UIInterfaceOrientationPortrait UIInterfaceOrientationPortraitUpsideDown UIInterfaceOrientationLandscapeLeft UIInterfaceOrientationLandscapeRight";
				INFOPLIST_KEY_UISupportedInterfaceOrientations_iPhone = "UIInterfaceOrientationPortrait UIInterfaceOrientationLandscapeLeft UIInterfaceOrientationLandscapeRight";
				LD_RUNPATH_SEARCH_PATHS = (
					"$(inherited)",
					"@executable_path/Frameworks",
				);
				MARKETING_VERSION = 1.0;
				PRODUCT_BUNDLE_IDENTIFIER = haikallazuardi.Scan2Cook;
				PRODUCT_NAME = "$(TARGET_NAME)";
				SWIFT_EMIT_LOC_STRINGS = YES;
				SWIFT_VERSION = 5.0;
				TARGETED_DEVICE_FAMILY = "1,2";
			};
			name = Debug;
		};
		DE6DB03F2A41A5EB0035C427 /* Release */ = {
			isa = XCBuildConfiguration;
			buildSettings = {
				ASSETCATALOG_COMPILER_APPICON_NAME = AppIcon;
				ASSETCATALOG_COMPILER_GLOBAL_ACCENT_COLOR_NAME = AccentColor;
				CODE_SIGN_STYLE = Automatic;
				CURRENT_PROJECT_VERSION = 1;
				DEVELOPMENT_ASSET_PATHS = "\"Scan2Cook/Preview Content\"";
				DEVELOPMENT_TEAM = KYR4X9M655;
				ENABLE_PREVIEWS = YES;
				GENERATE_INFOPLIST_FILE = YES;
				INFOPLIST_KEY_UIApplicationSceneManifest_Generation = YES;
				INFOPLIST_KEY_UIApplicationSupportsIndirectInputEvents = YES;
				INFOPLIST_KEY_UILaunchScreen_Generation = YES;
				INFOPLIST_KEY_UISupportedInterfaceOrientations_iPad = "UIInterfaceOrientationPortrait UIInterfaceOrientationPortraitUpsideDown UIInterfaceOrientationLandscapeLeft UIInterfaceOrientationLandscapeRight";
				INFOPLIST_KEY_UISupportedInterfaceOrientations_iPhone = "UIInterfaceOrientationPortrait UIInterfaceOrientationLandscapeLeft UIInterfaceOrientationLandscapeRight";
				LD_RUNPATH_SEARCH_PATHS = (
					"$(inherited)",
					"@executable_path/Frameworks",
				);
				MARKETING_VERSION = 1.0;
				PRODUCT_BUNDLE_IDENTIFIER = haikallazuardi.Scan2Cook;
				PRODUCT_NAME = "$(TARGET_NAME)";
				SWIFT_EMIT_LOC_STRINGS = YES;
				SWIFT_VERSION = 5.0;
				TARGETED_DEVICE_FAMILY = "1,2";
			};
			name = Release;
		};
/* End XCBuildConfiguration section */

/* Begin XCConfigurationList section */
		DE6DB02A2A41A5E90035C427 /* Build configuration list for PBXProject "Scan2Cook" */ = {
			isa = XCConfigurationList;
			buildConfigurations = (
				DE6DB03B2A41A5EB0035C427 /* Debug */,
				DE6DB03C2A41A5EB0035C427 /* Release */,
			);
			defaultConfigurationIsVisible = 0;
			defaultConfigurationName = Release;
		};
		DE6DB03D2A41A5EB0035C427 /* Build configuration list for PBXNativeTarget "Scan2Cook" */ = {
			isa = XCConfigurationList;
			buildConfigurations = (
				DE6DB03E2A41A5EB0035C427 /* Debug */,
				DE6DB03F2A41A5EB0035C427 /* Release */,
			);
			defaultConfigurationIsVisible = 0;
			defaultConfigurationName = Release;
		};
/* End XCConfigurationList section */
	};
	rootObject = DE6DB0272A41A5E90035C427 /* Project object */;
}
