// !$*UTF8*$!
{
	archiveVersion = 1;
	classes = {
	};
	objectVersion = 56;
	objects = {

/* Begin PBXBuildFile section */
		C51A3F5F2A49C45F00307CFD /* RecipeDetailsView.swift in Sources */ = {isa = PBXBuildFile; fileRef = C51A3F5E2A49C45F00307CFD /* RecipeDetailsView.swift */; };
		C51A3F612A49C8B500307CFD /* RecipeContent.swift in Sources */ = {isa = PBXBuildFile; fileRef = C51A3F602A49C8B500307CFD /* RecipeContent.swift */; };
		C51A3F632A49EADE00307CFD /* SectionedRecipes.swift in Sources */ = {isa = PBXBuildFile; fileRef = C51A3F622A49EADE00307CFD /* SectionedRecipes.swift */; };
		C51A3F652A49F2E000307CFD /* RecipeListView.swift in Sources */ = {isa = PBXBuildFile; fileRef = C51A3F642A49F2E000307CFD /* RecipeListView.swift */; };
		C51A3F672A49F56700307CFD /* BackButton.swift in Sources */ = {isa = PBXBuildFile; fileRef = C51A3F662A49F56700307CFD /* BackButton.swift */; };
		C53E81082A47716E000CB351 /* RecipeDetailsView1.swift in Sources */ = {isa = PBXBuildFile; fileRef = C53E81072A47716E000CB351 /* RecipeDetailsView1.swift */; };
		C56F4E932A4838D3004FD059 /* Education.swift in Sources */ = {isa = PBXBuildFile; fileRef = C56F4E922A4838D3004FD059 /* Education.swift */; };
		C56F4E952A483AEA004FD059 /* EducationView.swift in Sources */ = {isa = PBXBuildFile; fileRef = C56F4E942A483AEA004FD059 /* EducationView.swift */; };
		C56F4E972A488C93004FD059 /* RecipeCardList.swift in Sources */ = {isa = PBXBuildFile; fileRef = C56F4E962A488C93004FD059 /* RecipeCardList.swift */; };
		C56F4E992A48A37A004FD059 /* RecipeLists.swift in Sources */ = {isa = PBXBuildFile; fileRef = C56F4E982A48A37A004FD059 /* RecipeLists.swift */; };
		C56F4E9B2A48B903004FD059 /* SearchResultView.swift in Sources */ = {isa = PBXBuildFile; fileRef = C56F4E9A2A48B903004FD059 /* SearchResultView.swift */; };
		C5AFAEDA2A478561003D3DF0 /* RecipeStepsView.swift in Sources */ = {isa = PBXBuildFile; fileRef = C5AFAED92A478561003D3DF0 /* RecipeStepsView.swift */; };
		C5E04B7B2A481B8D00FA2185 /* DotIndicator.swift in Sources */ = {isa = PBXBuildFile; fileRef = C5E04B7A2A481B8D00FA2185 /* DotIndicator.swift */; };
		C5E04B7D2A4820DD00FA2185 /* PillIndicator.swift in Sources */ = {isa = PBXBuildFile; fileRef = C5E04B7C2A4820DD00FA2185 /* PillIndicator.swift */; };
		C5E7F0D92A4A302900CAB1E8 /* FilterViewModel.swift in Sources */ = {isa = PBXBuildFile; fileRef = C5E7F0D82A4A302900CAB1E8 /* FilterViewModel.swift */; };
		C5E7F0DB2A4A321C00CAB1E8 /* FilterTag.swift in Sources */ = {isa = PBXBuildFile; fileRef = C5E7F0DA2A4A321C00CAB1E8 /* FilterTag.swift */; };
		DE6DB0332A41A5E90035C427 /* Scan2CookApp.swift in Sources */ = {isa = PBXBuildFile; fileRef = DE6DB0322A41A5E90035C427 /* Scan2CookApp.swift */; };
		DE6DB0352A41A5E90035C427 /* ContentView.swift in Sources */ = {isa = PBXBuildFile; fileRef = DE6DB0342A41A5E90035C427 /* ContentView.swift */; };
		DE6DB0372A41A5EB0035C427 /* Assets.xcassets in Resources */ = {isa = PBXBuildFile; fileRef = DE6DB0362A41A5EB0035C427 /* Assets.xcassets */; };
		DE6DB03A2A41A5EB0035C427 /* Preview Assets.xcassets in Resources */ = {isa = PBXBuildFile; fileRef = DE6DB0392A41A5EB0035C427 /* Preview Assets.xcassets */; };
		DE6DB0422A41BAFB0035C427 /* OnboardingView.swift in Sources */ = {isa = PBXBuildFile; fileRef = DE6DB0412A41BAFB0035C427 /* OnboardingView.swift */; };
		DE9B72362A42374D00C3DEDD /* Onboarding.swift in Sources */ = {isa = PBXBuildFile; fileRef = DE9B72352A42374D00C3DEDD /* Onboarding.swift */; };
		DE9B72382A423E0C00C3DEDD /* OnboardingPersonalizationView.swift in Sources */ = {isa = PBXBuildFile; fileRef = DE9B72372A423E0C00C3DEDD /* OnboardingPersonalizationView.swift */; };
		DE9B723A2A4240FF00C3DEDD /* HomeView.swift in Sources */ = {isa = PBXBuildFile; fileRef = DE9B72392A4240FF00C3DEDD /* HomeView.swift */; };
		DE9B72402A42425200C3DEDD /* PersonalizationType.swift in Sources */ = {isa = PBXBuildFile; fileRef = DE9B723F2A42425200C3DEDD /* PersonalizationType.swift */; };
		DE9B72422A42457B00C3DEDD /* PersonalizationViewModel.swift in Sources */ = {isa = PBXBuildFile; fileRef = DE9B72412A42457B00C3DEDD /* PersonalizationViewModel.swift */; };
		DE9B72452A424DAC00C3DEDD /* CupertinoButton.swift in Sources */ = {isa = PBXBuildFile; fileRef = DE9B72442A424DAC00C3DEDD /* CupertinoButton.swift */; };
		DE9B72472A42565C00C3DEDD /* PersonalizationTag.swift in Sources */ = {isa = PBXBuildFile; fileRef = DE9B72462A42565C00C3DEDD /* PersonalizationTag.swift */; };
		DEE450CF2A45A6B800D2EA4A /* HorizontalScrollViewMenu.swift in Sources */ = {isa = PBXBuildFile; fileRef = DEE450CE2A45A6B800D2EA4A /* HorizontalScrollViewMenu.swift */; };
		DEE450D32A45A9C100D2EA4A /* HomeViewModel.swift in Sources */ = {isa = PBXBuildFile; fileRef = DEE450D22A45A9C100D2EA4A /* HomeViewModel.swift */; };
		DEE450D52A45AA2800D2EA4A /* Recipe.swift in Sources */ = {isa = PBXBuildFile; fileRef = DEE450D42A45AA2800D2EA4A /* Recipe.swift */; };
		DEE450DA2A45C2D000D2EA4A /* MainView.swift in Sources */ = {isa = PBXBuildFile; fileRef = DEE450D92A45C2D000D2EA4A /* MainView.swift */; };
		DEE450DC2A45C32D00D2EA4A /* BookmarkView.swift in Sources */ = {isa = PBXBuildFile; fileRef = DEE450DB2A45C32D00D2EA4A /* BookmarkView.swift */; };
		DEE450DE2A45C34100D2EA4A /* ScanView.swift in Sources */ = {isa = PBXBuildFile; fileRef = DEE450DD2A45C34100D2EA4A /* ScanView.swift */; };
		DEE450E02A45C80500D2EA4A /* RecipeDetailsSheet.swift in Sources */ = {isa = PBXBuildFile; fileRef = DEE450DF2A45C80500D2EA4A /* RecipeDetailsSheet.swift */; };
		DEE450E62A45CB2C00D2EA4A /* GlobalStates.swift in Sources */ = {isa = PBXBuildFile; fileRef = DEE450E52A45CB2C00D2EA4A /* GlobalStates.swift */; };
		DEE450E82A45CC1200D2EA4A /* CustomTabBar.swift in Sources */ = {isa = PBXBuildFile; fileRef = DEE450E72A45CC1200D2EA4A /* CustomTabBar.swift */; };
		DEE450EA2A45D8BD00D2EA4A /* BookmarkViewModel.swift in Sources */ = {isa = PBXBuildFile; fileRef = DEE450E92A45D8BD00D2EA4A /* BookmarkViewModel.swift */; };
		DEE450EC2A45DF7E00D2EA4A /* RecipeCard.swift in Sources */ = {isa = PBXBuildFile; fileRef = DEE450EB2A45DF7E00D2EA4A /* RecipeCard.swift */; };
		DEE450EE2A45E95200D2EA4A /* RecipeTag.swift in Sources */ = {isa = PBXBuildFile; fileRef = DEE450ED2A45E95200D2EA4A /* RecipeTag.swift */; };
		DEE450F02A45F45000D2EA4A /* CameraView.swift in Sources */ = {isa = PBXBuildFile; fileRef = DEE450EF2A45F45000D2EA4A /* CameraView.swift */; };
		DEE450F22A45F65B00D2EA4A /* ScanResultView.swift in Sources */ = {isa = PBXBuildFile; fileRef = DEE450F12A45F65B00D2EA4A /* ScanResultView.swift */; };
		DEE450F42A45F68A00D2EA4A /* ScanViewModel.swift in Sources */ = {isa = PBXBuildFile; fileRef = DEE450F32A45F68A00D2EA4A /* ScanViewModel.swift */; };
		DEE450F62A45F70700D2EA4A /* Ingredient.swift in Sources */ = {isa = PBXBuildFile; fileRef = DEE450F52A45F70700D2EA4A /* Ingredient.swift */; };
		DEE450F92A45FE0500D2EA4A /* WrapLayout in Frameworks */ = {isa = PBXBuildFile; productRef = DEE450F82A45FE0500D2EA4A /* WrapLayout */; };
		DEE450FB2A45FE8800D2EA4A /* IngredientTag.swift in Sources */ = {isa = PBXBuildFile; fileRef = DEE450FA2A45FE8800D2EA4A /* IngredientTag.swift */; };
		DEE450FD2A4613B100D2EA4A /* CustomSearchBar.swift in Sources */ = {isa = PBXBuildFile; fileRef = DEE450FC2A4613B100D2EA4A /* CustomSearchBar.swift */; };
/* End PBXBuildFile section */

/* Begin PBXFileReference section */
		C51A3F5E2A49C45F00307CFD /* RecipeDetailsView.swift */ = {isa = PBXFileReference; lastKnownFileType = sourcecode.swift; path = RecipeDetailsView.swift; sourceTree = "<group>"; };
		C51A3F602A49C8B500307CFD /* RecipeContent.swift */ = {isa = PBXFileReference; lastKnownFileType = sourcecode.swift; path = RecipeContent.swift; sourceTree = "<group>"; };
		C51A3F622A49EADE00307CFD /* SectionedRecipes.swift */ = {isa = PBXFileReference; lastKnownFileType = sourcecode.swift; path = SectionedRecipes.swift; sourceTree = "<group>"; };
		C51A3F642A49F2E000307CFD /* RecipeListView.swift */ = {isa = PBXFileReference; lastKnownFileType = sourcecode.swift; path = RecipeListView.swift; sourceTree = "<group>"; };
		C51A3F662A49F56700307CFD /* BackButton.swift */ = {isa = PBXFileReference; lastKnownFileType = sourcecode.swift; path = BackButton.swift; sourceTree = "<group>"; };
		C53E81072A47716E000CB351 /* RecipeDetailsView1.swift */ = {isa = PBXFileReference; lastKnownFileType = sourcecode.swift; path = RecipeDetailsView1.swift; sourceTree = "<group>"; };
		C56F4E922A4838D3004FD059 /* Education.swift */ = {isa = PBXFileReference; lastKnownFileType = sourcecode.swift; path = Education.swift; sourceTree = "<group>"; };
		C56F4E942A483AEA004FD059 /* EducationView.swift */ = {isa = PBXFileReference; lastKnownFileType = sourcecode.swift; path = EducationView.swift; sourceTree = "<group>"; };
		C56F4E962A488C93004FD059 /* RecipeCardList.swift */ = {isa = PBXFileReference; lastKnownFileType = sourcecode.swift; path = RecipeCardList.swift; sourceTree = "<group>"; };
		C56F4E982A48A37A004FD059 /* RecipeLists.swift */ = {isa = PBXFileReference; lastKnownFileType = sourcecode.swift; path = RecipeLists.swift; sourceTree = "<group>"; };
		C56F4E9A2A48B903004FD059 /* SearchResultView.swift */ = {isa = PBXFileReference; lastKnownFileType = sourcecode.swift; path = SearchResultView.swift; sourceTree = "<group>"; };
		C5AFAED92A478561003D3DF0 /* RecipeStepsView.swift */ = {isa = PBXFileReference; lastKnownFileType = sourcecode.swift; path = RecipeStepsView.swift; sourceTree = "<group>"; };
		C5E04B7A2A481B8D00FA2185 /* DotIndicator.swift */ = {isa = PBXFileReference; lastKnownFileType = sourcecode.swift; path = DotIndicator.swift; sourceTree = "<group>"; };
		C5E04B7C2A4820DD00FA2185 /* PillIndicator.swift */ = {isa = PBXFileReference; lastKnownFileType = sourcecode.swift; path = PillIndicator.swift; sourceTree = "<group>"; };
		C5E7F0D82A4A302900CAB1E8 /* FilterViewModel.swift */ = {isa = PBXFileReference; lastKnownFileType = sourcecode.swift; path = FilterViewModel.swift; sourceTree = "<group>"; };
		C5E7F0DA2A4A321C00CAB1E8 /* FilterTag.swift */ = {isa = PBXFileReference; lastKnownFileType = sourcecode.swift; path = FilterTag.swift; sourceTree = "<group>"; };
		DE6DB02F2A41A5E90035C427 /* Scan2Cook.app */ = {isa = PBXFileReference; explicitFileType = wrapper.application; includeInIndex = 0; path = Scan2Cook.app; sourceTree = BUILT_PRODUCTS_DIR; };
		DE6DB0322A41A5E90035C427 /* Scan2CookApp.swift */ = {isa = PBXFileReference; lastKnownFileType = sourcecode.swift; path = Scan2CookApp.swift; sourceTree = "<group>"; };
		DE6DB0342A41A5E90035C427 /* ContentView.swift */ = {isa = PBXFileReference; lastKnownFileType = sourcecode.swift; path = ContentView.swift; sourceTree = "<group>"; };
		DE6DB0362A41A5EB0035C427 /* Assets.xcassets */ = {isa = PBXFileReference; lastKnownFileType = folder.assetcatalog; path = Assets.xcassets; sourceTree = "<group>"; };
		DE6DB0392A41A5EB0035C427 /* Preview Assets.xcassets */ = {isa = PBXFileReference; lastKnownFileType = folder.assetcatalog; path = "Preview Assets.xcassets"; sourceTree = "<group>"; };
		DE6DB0412A41BAFB0035C427 /* OnboardingView.swift */ = {isa = PBXFileReference; lastKnownFileType = sourcecode.swift; path = OnboardingView.swift; sourceTree = "<group>"; };
		DE9B72352A42374D00C3DEDD /* Onboarding.swift */ = {isa = PBXFileReference; lastKnownFileType = sourcecode.swift; path = Onboarding.swift; sourceTree = "<group>"; };
		DE9B72372A423E0C00C3DEDD /* OnboardingPersonalizationView.swift */ = {isa = PBXFileReference; lastKnownFileType = sourcecode.swift; path = OnboardingPersonalizationView.swift; sourceTree = "<group>"; };
		DE9B72392A4240FF00C3DEDD /* HomeView.swift */ = {isa = PBXFileReference; lastKnownFileType = sourcecode.swift; path = HomeView.swift; sourceTree = "<group>"; };
		DE9B723F2A42425200C3DEDD /* PersonalizationType.swift */ = {isa = PBXFileReference; lastKnownFileType = sourcecode.swift; path = PersonalizationType.swift; sourceTree = "<group>"; };
		DE9B72412A42457B00C3DEDD /* PersonalizationViewModel.swift */ = {isa = PBXFileReference; lastKnownFileType = sourcecode.swift; path = PersonalizationViewModel.swift; sourceTree = "<group>"; };
		DE9B72442A424DAC00C3DEDD /* CupertinoButton.swift */ = {isa = PBXFileReference; lastKnownFileType = sourcecode.swift; path = CupertinoButton.swift; sourceTree = "<group>"; };
		DE9B72462A42565C00C3DEDD /* PersonalizationTag.swift */ = {isa = PBXFileReference; lastKnownFileType = sourcecode.swift; path = PersonalizationTag.swift; sourceTree = "<group>"; };
		DEE450CE2A45A6B800D2EA4A /* HorizontalScrollViewMenu.swift */ = {isa = PBXFileReference; lastKnownFileType = sourcecode.swift; path = HorizontalScrollViewMenu.swift; sourceTree = "<group>"; };
		DEE450D22A45A9C100D2EA4A /* HomeViewModel.swift */ = {isa = PBXFileReference; lastKnownFileType = sourcecode.swift; path = HomeViewModel.swift; sourceTree = "<group>"; };
		DEE450D42A45AA2800D2EA4A /* Recipe.swift */ = {isa = PBXFileReference; lastKnownFileType = sourcecode.swift; path = Recipe.swift; sourceTree = "<group>"; };
		DEE450D92A45C2D000D2EA4A /* MainView.swift */ = {isa = PBXFileReference; lastKnownFileType = sourcecode.swift; path = MainView.swift; sourceTree = "<group>"; };
		DEE450DB2A45C32D00D2EA4A /* BookmarkView.swift */ = {isa = PBXFileReference; lastKnownFileType = sourcecode.swift; path = BookmarkView.swift; sourceTree = "<group>"; };
		DEE450DD2A45C34100D2EA4A /* ScanView.swift */ = {isa = PBXFileReference; lastKnownFileType = sourcecode.swift; path = ScanView.swift; sourceTree = "<group>"; };
		DEE450DF2A45C80500D2EA4A /* RecipeDetailsSheet.swift */ = {isa = PBXFileReference; lastKnownFileType = sourcecode.swift; path = RecipeDetailsSheet.swift; sourceTree = "<group>"; };
		DEE450E52A45CB2C00D2EA4A /* GlobalStates.swift */ = {isa = PBXFileReference; lastKnownFileType = sourcecode.swift; path = GlobalStates.swift; sourceTree = "<group>"; };
		DEE450E72A45CC1200D2EA4A /* CustomTabBar.swift */ = {isa = PBXFileReference; lastKnownFileType = sourcecode.swift; path = CustomTabBar.swift; sourceTree = "<group>"; };
		DEE450E92A45D8BD00D2EA4A /* BookmarkViewModel.swift */ = {isa = PBXFileReference; lastKnownFileType = sourcecode.swift; path = BookmarkViewModel.swift; sourceTree = "<group>"; };
		DEE450EB2A45DF7E00D2EA4A /* RecipeCard.swift */ = {isa = PBXFileReference; lastKnownFileType = sourcecode.swift; path = RecipeCard.swift; sourceTree = "<group>"; };
		DEE450ED2A45E95200D2EA4A /* RecipeTag.swift */ = {isa = PBXFileReference; lastKnownFileType = sourcecode.swift; path = RecipeTag.swift; sourceTree = "<group>"; };
		DEE450EF2A45F45000D2EA4A /* CameraView.swift */ = {isa = PBXFileReference; lastKnownFileType = sourcecode.swift; path = CameraView.swift; sourceTree = "<group>"; };
		DEE450F12A45F65B00D2EA4A /* ScanResultView.swift */ = {isa = PBXFileReference; lastKnownFileType = sourcecode.swift; path = ScanResultView.swift; sourceTree = "<group>"; };
		DEE450F32A45F68A00D2EA4A /* ScanViewModel.swift */ = {isa = PBXFileReference; lastKnownFileType = sourcecode.swift; path = ScanViewModel.swift; sourceTree = "<group>"; };
		DEE450F52A45F70700D2EA4A /* Ingredient.swift */ = {isa = PBXFileReference; lastKnownFileType = sourcecode.swift; path = Ingredient.swift; sourceTree = "<group>"; };
		DEE450FA2A45FE8800D2EA4A /* IngredientTag.swift */ = {isa = PBXFileReference; lastKnownFileType = sourcecode.swift; path = IngredientTag.swift; sourceTree = "<group>"; };
		DEE450FC2A4613B100D2EA4A /* CustomSearchBar.swift */ = {isa = PBXFileReference; lastKnownFileType = sourcecode.swift; path = CustomSearchBar.swift; sourceTree = "<group>"; };
/* End PBXFileReference section */

/* Begin PBXFrameworksBuildPhase section */
		DE6DB02C2A41A5E90035C427 /* Frameworks */ = {
			isa = PBXFrameworksBuildPhase;
			buildActionMask = 2147483647;
			files = (
				DEE450F92A45FE0500D2EA4A /* WrapLayout in Frameworks */,
			);
			runOnlyForDeploymentPostprocessing = 0;
		};
/* End PBXFrameworksBuildPhase section */

/* Begin PBXGroup section */
		C5AFAED82A478545003D3DF0 /* Recipe */ = {
			isa = PBXGroup;
			children = (
				DEE450DF2A45C80500D2EA4A /* RecipeDetailsSheet.swift */,
				C53E81072A47716E000CB351 /* RecipeDetailsView1.swift */,
				C5AFAED92A478561003D3DF0 /* RecipeStepsView.swift */,
				C51A3F5E2A49C45F00307CFD /* RecipeDetailsView.swift */,
				C51A3F602A49C8B500307CFD /* RecipeContent.swift */,
				C51A3F642A49F2E000307CFD /* RecipeListView.swift */,
			);
			path = Recipe;
			sourceTree = "<group>";
		};
		DE6DB0262A41A5E90035C427 = {
			isa = PBXGroup;
			children = (
				DE6DB0312A41A5E90035C427 /* Scan2Cook */,
				DE6DB0302A41A5E90035C427 /* Products */,
			);
			sourceTree = "<group>";
		};
		DE6DB0302A41A5E90035C427 /* Products */ = {
			isa = PBXGroup;
			children = (
				DE6DB02F2A41A5E90035C427 /* Scan2Cook.app */,
			);
			name = Products;
			sourceTree = "<group>";
		};
		DE6DB0312A41A5E90035C427 /* Scan2Cook */ = {
			isa = PBXGroup;
			children = (
				DEE450E42A45CB1F00D2EA4A /* utils */,
				DE9B72432A424D9100C3DEDD /* components */,
				DE9B723E2A42423B00C3DEDD /* Enums */,
				DE9B723B2A42414F00C3DEDD /* ViewModels */,
				DE9B72342A42373D00C3DEDD /* Models */,
				DE6DB0402A41BAE50035C427 /* Views */,
				DE6DB0322A41A5E90035C427 /* Scan2CookApp.swift */,
				DE6DB0342A41A5E90035C427 /* ContentView.swift */,
				DE6DB0362A41A5EB0035C427 /* Assets.xcassets */,
				DE6DB0382A41A5EB0035C427 /* Preview Content */,
			);
			path = Scan2Cook;
			sourceTree = "<group>";
		};
		DE6DB0382A41A5EB0035C427 /* Preview Content */ = {
			isa = PBXGroup;
			children = (
				DE6DB0392A41A5EB0035C427 /* Preview Assets.xcassets */,
			);
			path = "Preview Content";
			sourceTree = "<group>";
		};
		DE6DB0402A41BAE50035C427 /* Views */ = {
			isa = PBXGroup;
			children = (
				C5AFAED82A478545003D3DF0 /* Recipe */,
				DEE450D82A45BF7B00D2EA4A /* Scan */,
				DEE450D62A45BF5C00D2EA4A /* Onboarding */,
				DE9B72392A4240FF00C3DEDD /* HomeView.swift */,
				DEE450D92A45C2D000D2EA4A /* MainView.swift */,
				DEE450DB2A45C32D00D2EA4A /* BookmarkView.swift */,
			);
			path = Views;
			sourceTree = "<group>";
		};
		DE9B72342A42373D00C3DEDD /* Models */ = {
			isa = PBXGroup;
			children = (
				DE9B72352A42374D00C3DEDD /* Onboarding.swift */,
				DEE450D42A45AA2800D2EA4A /* Recipe.swift */,
				DEE450F52A45F70700D2EA4A /* Ingredient.swift */,
				C56F4E922A4838D3004FD059 /* Education.swift */,
				C51A3F622A49EADE00307CFD /* SectionedRecipes.swift */,
			);
			path = Models;
			sourceTree = "<group>";
		};
		DE9B723B2A42414F00C3DEDD /* ViewModels */ = {
			isa = PBXGroup;
			children = (
				DE9B72412A42457B00C3DEDD /* PersonalizationViewModel.swift */,
				DEE450D22A45A9C100D2EA4A /* HomeViewModel.swift */,
				DEE450E92A45D8BD00D2EA4A /* BookmarkViewModel.swift */,
				DEE450F32A45F68A00D2EA4A /* ScanViewModel.swift */,
				C5E7F0D82A4A302900CAB1E8 /* FilterViewModel.swift */,
			);
			path = ViewModels;
			sourceTree = "<group>";
		};
		DE9B723E2A42423B00C3DEDD /* Enums */ = {
			isa = PBXGroup;
			children = (
				DE9B723F2A42425200C3DEDD /* PersonalizationType.swift */,
			);
			path = Enums;
			sourceTree = "<group>";
		};
		DE9B72432A424D9100C3DEDD /* components */ = {
			isa = PBXGroup;
			children = (
				DE9B72442A424DAC00C3DEDD /* CupertinoButton.swift */,
				DE9B72462A42565C00C3DEDD /* PersonalizationTag.swift */,
				DEE450CE2A45A6B800D2EA4A /* HorizontalScrollViewMenu.swift */,
				DEE450E72A45CC1200D2EA4A /* CustomTabBar.swift */,
				DEE450EB2A45DF7E00D2EA4A /* RecipeCard.swift */,
				DEE450ED2A45E95200D2EA4A /* RecipeTag.swift */,
				DEE450FA2A45FE8800D2EA4A /* IngredientTag.swift */,
				DEE450FC2A4613B100D2EA4A /* CustomSearchBar.swift */,
				C5E04B7A2A481B8D00FA2185 /* DotIndicator.swift */,
				C5E04B7C2A4820DD00FA2185 /* PillIndicator.swift */,
				C56F4E962A488C93004FD059 /* RecipeCardList.swift */,
				C56F4E982A48A37A004FD059 /* RecipeLists.swift */,
				C51A3F662A49F56700307CFD /* BackButton.swift */,
				C5E7F0DA2A4A321C00CAB1E8 /* FilterTag.swift */,
			);
			path = components;
			sourceTree = "<group>";
		};
		DEE450D62A45BF5C00D2EA4A /* Onboarding */ = {
			isa = PBXGroup;
			children = (
				DE6DB0412A41BAFB0035C427 /* OnboardingView.swift */,
				DE9B72372A423E0C00C3DEDD /* OnboardingPersonalizationView.swift */,
			);
			path = Onboarding;
			sourceTree = "<group>";
		};
		DEE450D82A45BF7B00D2EA4A /* Scan */ = {
			isa = PBXGroup;
			children = (
				DEE450DD2A45C34100D2EA4A /* ScanView.swift */,
				DEE450EF2A45F45000D2EA4A /* CameraView.swift */,
				DEE450F12A45F65B00D2EA4A /* ScanResultView.swift */,
				C56F4E942A483AEA004FD059 /* EducationView.swift */,
				C56F4E9A2A48B903004FD059 /* SearchResultView.swift */,
			);
			path = Scan;
			sourceTree = "<group>";
		};
		DEE450E42A45CB1F00D2EA4A /* utils */ = {
			isa = PBXGroup;
			children = (
				DEE450E52A45CB2C00D2EA4A /* GlobalStates.swift */,
			);
			path = utils;
			sourceTree = "<group>";
		};
/* End PBXGroup section */

/* Begin PBXNativeTarget section */
		DE6DB02E2A41A5E90035C427 /* Scan2Cook */ = {
			isa = PBXNativeTarget;
			buildConfigurationList = DE6DB03D2A41A5EB0035C427 /* Build configuration list for PBXNativeTarget "Scan2Cook" */;
			buildPhases = (
				DE6DB02B2A41A5E90035C427 /* Sources */,
				DE6DB02C2A41A5E90035C427 /* Frameworks */,
				DE6DB02D2A41A5E90035C427 /* Resources */,
			);
			buildRules = (
			);
			dependencies = (
			);
			name = Scan2Cook;
			packageProductDependencies = (
				DEE450F82A45FE0500D2EA4A /* WrapLayout */,
			);
			productName = Scan2Cook;
			productReference = DE6DB02F2A41A5E90035C427 /* Scan2Cook.app */;
			productType = "com.apple.product-type.application";
		};
/* End PBXNativeTarget section */

/* Begin PBXProject section */
		DE6DB0272A41A5E90035C427 /* Project object */ = {
			isa = PBXProject;
			attributes = {
				BuildIndependentTargetsInParallel = 1;
				LastSwiftUpdateCheck = 1430;
				LastUpgradeCheck = 1430;
				TargetAttributes = {
					DE6DB02E2A41A5E90035C427 = {
						CreatedOnToolsVersion = 14.3;
					};
				};
			};
			buildConfigurationList = DE6DB02A2A41A5E90035C427 /* Build configuration list for PBXProject "Scan2Cook" */;
			compatibilityVersion = "Xcode 14.0";
			developmentRegion = en;
			hasScannedForEncodings = 0;
			knownRegions = (
				en,
				Base,
			);
			mainGroup = DE6DB0262A41A5E90035C427;
			packageReferences = (
				DEE450F72A45FE0500D2EA4A /* XCRemoteSwiftPackageReference "swiftui-WrapLayout" */,
			);
			productRefGroup = DE6DB0302A41A5E90035C427 /* Products */;
			projectDirPath = "";
			projectRoot = "";
			targets = (
				DE6DB02E2A41A5E90035C427 /* Scan2Cook */,
			);
		};
/* End PBXProject section */

/* Begin PBXResourcesBuildPhase section */
		DE6DB02D2A41A5E90035C427 /* Resources */ = {
			isa = PBXResourcesBuildPhase;
			buildActionMask = 2147483647;
			files = (
				DE6DB03A2A41A5EB0035C427 /* Preview Assets.xcassets in Resources */,
				DE6DB0372A41A5EB0035C427 /* Assets.xcassets in Resources */,
			);
			runOnlyForDeploymentPostprocessing = 0;
		};
/* End PBXResourcesBuildPhase section */

/* Begin PBXSourcesBuildPhase section */
		DE6DB02B2A41A5E90035C427 /* Sources */ = {
			isa = PBXSourcesBuildPhase;
			buildActionMask = 2147483647;
			files = (
				DE9B72422A42457B00C3DEDD /* PersonalizationViewModel.swift in Sources */,
				C51A3F652A49F2E000307CFD /* RecipeListView.swift in Sources */,
				DEE450DA2A45C2D000D2EA4A /* MainView.swift in Sources */,
				C51A3F632A49EADE00307CFD /* SectionedRecipes.swift in Sources */,
				C56F4E932A4838D3004FD059 /* Education.swift in Sources */,
				DEE450EE2A45E95200D2EA4A /* RecipeTag.swift in Sources */,
				DEE450E82A45CC1200D2EA4A /* CustomTabBar.swift in Sources */,
				C56F4E952A483AEA004FD059 /* EducationView.swift in Sources */,
				C5E7F0DB2A4A321C00CAB1E8 /* FilterTag.swift in Sources */,
				C56F4E9B2A48B903004FD059 /* SearchResultView.swift in Sources */,
				DE9B72402A42425200C3DEDD /* PersonalizationType.swift in Sources */,
				DE6DB0422A41BAFB0035C427 /* OnboardingView.swift in Sources */,
				DEE450E02A45C80500D2EA4A /* RecipeDetailsSheet.swift in Sources */,
				DE6DB0352A41A5E90035C427 /* ContentView.swift in Sources */,
				DEE450E62A45CB2C00D2EA4A /* GlobalStates.swift in Sources */,
				C56F4E992A48A37A004FD059 /* RecipeLists.swift in Sources */,
				DE9B72362A42374D00C3DEDD /* Onboarding.swift in Sources */,
				C53E81082A47716E000CB351 /* RecipeDetailsView1.swift in Sources */,
				DEE450DC2A45C32D00D2EA4A /* BookmarkView.swift in Sources */,
				C5AFAEDA2A478561003D3DF0 /* RecipeStepsView.swift in Sources */,
				C51A3F5F2A49C45F00307CFD /* RecipeDetailsView.swift in Sources */,
				DEE450CF2A45A6B800D2EA4A /* HorizontalScrollViewMenu.swift in Sources */,
				C51A3F612A49C8B500307CFD /* RecipeContent.swift in Sources */,
				DEE450FB2A45FE8800D2EA4A /* IngredientTag.swift in Sources */,
				DE9B723A2A4240FF00C3DEDD /* HomeView.swift in Sources */,
				DEE450FD2A4613B100D2EA4A /* CustomSearchBar.swift in Sources */,
				DEE450DE2A45C34100D2EA4A /* ScanView.swift in Sources */,
				C51A3F672A49F56700307CFD /* BackButton.swift in Sources */,
				DEE450F62A45F70700D2EA4A /* Ingredient.swift in Sources */,
				DEE450D32A45A9C100D2EA4A /* HomeViewModel.swift in Sources */,
				DE9B72452A424DAC00C3DEDD /* CupertinoButton.swift in Sources */,
				C56F4E972A488C93004FD059 /* RecipeCardList.swift in Sources */,
				DE9B72472A42565C00C3DEDD /* PersonalizationTag.swift in Sources */,
				DEE450EA2A45D8BD00D2EA4A /* BookmarkViewModel.swift in Sources */,
				DEE450F42A45F68A00D2EA4A /* ScanViewModel.swift in Sources */,
				DEE450F02A45F45000D2EA4A /* CameraView.swift in Sources */,
				DEE450D52A45AA2800D2EA4A /* Recipe.swift in Sources */,
				DE6DB0332A41A5E90035C427 /* Scan2CookApp.swift in Sources */,
				DE9B72382A423E0C00C3DEDD /* OnboardingPersonalizationView.swift in Sources */,
				C5E04B7D2A4820DD00FA2185 /* PillIndicator.swift in Sources */,
				DEE450F22A45F65B00D2EA4A /* ScanResultView.swift in Sources */,
				DEE450EC2A45DF7E00D2EA4A /* RecipeCard.swift in Sources */,
				C5E04B7B2A481B8D00FA2185 /* DotIndicator.swift in Sources */,
				C5E7F0D92A4A302900CAB1E8 /* FilterViewModel.swift in Sources */,
			);
			runOnlyForDeploymentPostprocessing = 0;
		};
/* End PBXSourcesBuildPhase section */

/* Begin XCBuildConfiguration section */
		DE6DB03B2A41A5EB0035C427 /* Debug */ = {
			isa = XCBuildConfiguration;
			buildSettings = {
				ALWAYS_SEARCH_USER_PATHS = NO;
				CLANG_ANALYZER_NONNULL = YES;
				CLANG_ANALYZER_NUMBER_OBJECT_CONVERSION = YES_AGGRESSIVE;
				CLANG_CXX_LANGUAGE_STANDARD = "gnu++20";
				CLANG_ENABLE_MODULES = YES;
				CLANG_ENABLE_OBJC_ARC = YES;
				CLANG_ENABLE_OBJC_WEAK = YES;
				CLANG_WARN_BLOCK_CAPTURE_AUTORELEASING = YES;
				CLANG_WARN_BOOL_CONVERSION = YES;
				CLANG_WARN_COMMA = YES;
				CLANG_WARN_CONSTANT_CONVERSION = YES;
				CLANG_WARN_DEPRECATED_OBJC_IMPLEMENTATIONS = YES;
				CLANG_WARN_DIRECT_OBJC_ISA_USAGE = YES_ERROR;
				CLANG_WARN_DOCUMENTATION_COMMENTS = YES;
				CLANG_WARN_EMPTY_BODY = YES;
				CLANG_WARN_ENUM_CONVERSION = YES;
				CLANG_WARN_INFINITE_RECURSION = YES;
				CLANG_WARN_INT_CONVERSION = YES;
				CLANG_WARN_NON_LITERAL_NULL_CONVERSION = YES;
				CLANG_WARN_OBJC_IMPLICIT_RETAIN_SELF = YES;
				CLANG_WARN_OBJC_LITERAL_CONVERSION = YES;
				CLANG_WARN_OBJC_ROOT_CLASS = YES_ERROR;
				CLANG_WARN_QUOTED_INCLUDE_IN_FRAMEWORK_HEADER = YES;
				CLANG_WARN_RANGE_LOOP_ANALYSIS = YES;
				CLANG_WARN_STRICT_PROTOTYPES = YES;
				CLANG_WARN_SUSPICIOUS_MOVE = YES;
				CLANG_WARN_UNGUARDED_AVAILABILITY = YES_AGGRESSIVE;
				CLANG_WARN_UNREACHABLE_CODE = YES;
				CLANG_WARN__DUPLICATE_METHOD_MATCH = YES;
				COPY_PHASE_STRIP = NO;
				DEBUG_INFORMATION_FORMAT = dwarf;
				ENABLE_STRICT_OBJC_MSGSEND = YES;
				ENABLE_TESTABILITY = YES;
				GCC_C_LANGUAGE_STANDARD = gnu11;
				GCC_DYNAMIC_NO_PIC = NO;
				GCC_NO_COMMON_BLOCKS = YES;
				GCC_OPTIMIZATION_LEVEL = 0;
				GCC_PREPROCESSOR_DEFINITIONS = (
					"DEBUG=1",
					"$(inherited)",
				);
				GCC_WARN_64_TO_32_BIT_CONVERSION = YES;
				GCC_WARN_ABOUT_RETURN_TYPE = YES_ERROR;
				GCC_WARN_UNDECLARED_SELECTOR = YES;
				GCC_WARN_UNINITIALIZED_AUTOS = YES_AGGRESSIVE;
				GCC_WARN_UNUSED_FUNCTION = YES;
				GCC_WARN_UNUSED_VARIABLE = YES;
				IPHONEOS_DEPLOYMENT_TARGET = 16.4;
				MTL_ENABLE_DEBUG_INFO = INCLUDE_SOURCE;
				MTL_FAST_MATH = YES;
				ONLY_ACTIVE_ARCH = YES;
				SDKROOT = iphoneos;
				SWIFT_ACTIVE_COMPILATION_CONDITIONS = DEBUG;
				SWIFT_OPTIMIZATION_LEVEL = "-Onone";
			};
			name = Debug;
		};
		DE6DB03C2A41A5EB0035C427 /* Release */ = {
			isa = XCBuildConfiguration;
			buildSettings = {
				ALWAYS_SEARCH_USER_PATHS = NO;
				CLANG_ANALYZER_NONNULL = YES;
				CLANG_ANALYZER_NUMBER_OBJECT_CONVERSION = YES_AGGRESSIVE;
				CLANG_CXX_LANGUAGE_STANDARD = "gnu++20";
				CLANG_ENABLE_MODULES = YES;
				CLANG_ENABLE_OBJC_ARC = YES;
				CLANG_ENABLE_OBJC_WEAK = YES;
				CLANG_WARN_BLOCK_CAPTURE_AUTORELEASING = YES;
				CLANG_WARN_BOOL_CONVERSION = YES;
				CLANG_WARN_COMMA = YES;
				CLANG_WARN_CONSTANT_CONVERSION = YES;
				CLANG_WARN_DEPRECATED_OBJC_IMPLEMENTATIONS = YES;
				CLANG_WARN_DIRECT_OBJC_ISA_USAGE = YES_ERROR;
				CLANG_WARN_DOCUMENTATION_COMMENTS = YES;
				CLANG_WARN_EMPTY_BODY = YES;
				CLANG_WARN_ENUM_CONVERSION = YES;
				CLANG_WARN_INFINITE_RECURSION = YES;
				CLANG_WARN_INT_CONVERSION = YES;
				CLANG_WARN_NON_LITERAL_NULL_CONVERSION = YES;
				CLANG_WARN_OBJC_IMPLICIT_RETAIN_SELF = YES;
				CLANG_WARN_OBJC_LITERAL_CONVERSION = YES;
				CLANG_WARN_OBJC_ROOT_CLASS = YES_ERROR;
				CLANG_WARN_QUOTED_INCLUDE_IN_FRAMEWORK_HEADER = YES;
				CLANG_WARN_RANGE_LOOP_ANALYSIS = YES;
				CLANG_WARN_STRICT_PROTOTYPES = YES;
				CLANG_WARN_SUSPICIOUS_MOVE = YES;
				CLANG_WARN_UNGUARDED_AVAILABILITY = YES_AGGRESSIVE;
				CLANG_WARN_UNREACHABLE_CODE = YES;
				CLANG_WARN__DUPLICATE_METHOD_MATCH = YES;
				COPY_PHASE_STRIP = NO;
				DEBUG_INFORMATION_FORMAT = "dwarf-with-dsym";
				ENABLE_NS_ASSERTIONS = NO;
				ENABLE_STRICT_OBJC_MSGSEND = YES;
				GCC_C_LANGUAGE_STANDARD = gnu11;
				GCC_NO_COMMON_BLOCKS = YES;
				GCC_WARN_64_TO_32_BIT_CONVERSION = YES;
				GCC_WARN_ABOUT_RETURN_TYPE = YES_ERROR;
				GCC_WARN_UNDECLARED_SELECTOR = YES;
				GCC_WARN_UNINITIALIZED_AUTOS = YES_AGGRESSIVE;
				GCC_WARN_UNUSED_FUNCTION = YES;
				GCC_WARN_UNUSED_VARIABLE = YES;
				IPHONEOS_DEPLOYMENT_TARGET = 16.4;
				MTL_ENABLE_DEBUG_INFO = NO;
				MTL_FAST_MATH = YES;
				SDKROOT = iphoneos;
				SWIFT_COMPILATION_MODE = wholemodule;
				SWIFT_OPTIMIZATION_LEVEL = "-O";
				VALIDATE_PRODUCT = YES;
			};
			name = Release;
		};
		DE6DB03E2A41A5EB0035C427 /* Debug */ = {
			isa = XCBuildConfiguration;
			buildSettings = {
				ASSETCATALOG_COMPILER_APPICON_NAME = AppIcon;
				ASSETCATALOG_COMPILER_GLOBAL_ACCENT_COLOR_NAME = AccentColor;
				CODE_SIGN_STYLE = Automatic;
				CURRENT_PROJECT_VERSION = 1;
				DEVELOPMENT_ASSET_PATHS = "\"Scan2Cook/Preview Content\"";
				DEVELOPMENT_TEAM = KYR4X9M655;
				ENABLE_PREVIEWS = YES;
				GENERATE_INFOPLIST_FILE = YES;
				INFOPLIST_KEY_UIApplicationSceneManifest_Generation = YES;
				INFOPLIST_KEY_UIApplicationSupportsIndirectInputEvents = YES;
				INFOPLIST_KEY_UILaunchScreen_Generation = YES;
				INFOPLIST_KEY_UISupportedInterfaceOrientations_iPad = "UIInterfaceOrientationPortrait UIInterfaceOrientationPortraitUpsideDown UIInterfaceOrientationLandscapeLeft UIInterfaceOrientationLandscapeRight";
				INFOPLIST_KEY_UISupportedInterfaceOrientations_iPhone = "UIInterfaceOrientationPortrait UIInterfaceOrientationLandscapeLeft UIInterfaceOrientationLandscapeRight";
				LD_RUNPATH_SEARCH_PATHS = (
					"$(inherited)",
					"@executable_path/Frameworks",
				);
				MARKETING_VERSION = 1.0;
				PRODUCT_BUNDLE_IDENTIFIER = haikallazuardi.Scan2Cook;
				PRODUCT_NAME = "$(TARGET_NAME)";
				SWIFT_EMIT_LOC_STRINGS = YES;
				SWIFT_VERSION = 5.0;
				TARGETED_DEVICE_FAMILY = "1,2";
			};
			name = Debug;
		};
		DE6DB03F2A41A5EB0035C427 /* Release */ = {
			isa = XCBuildConfiguration;
			buildSettings = {
				ASSETCATALOG_COMPILER_APPICON_NAME = AppIcon;
				ASSETCATALOG_COMPILER_GLOBAL_ACCENT_COLOR_NAME = AccentColor;
				CODE_SIGN_STYLE = Automatic;
				CURRENT_PROJECT_VERSION = 1;
				DEVELOPMENT_ASSET_PATHS = "\"Scan2Cook/Preview Content\"";
				DEVELOPMENT_TEAM = KYR4X9M655;
				ENABLE_PREVIEWS = YES;
				GENERATE_INFOPLIST_FILE = YES;
				INFOPLIST_KEY_UIApplicationSceneManifest_Generation = YES;
				INFOPLIST_KEY_UIApplicationSupportsIndirectInputEvents = YES;
				INFOPLIST_KEY_UILaunchScreen_Generation = YES;
				INFOPLIST_KEY_UISupportedInterfaceOrientations_iPad = "UIInterfaceOrientationPortrait UIInterfaceOrientationPortraitUpsideDown UIInterfaceOrientationLandscapeLeft UIInterfaceOrientationLandscapeRight";
				INFOPLIST_KEY_UISupportedInterfaceOrientations_iPhone = "UIInterfaceOrientationPortrait UIInterfaceOrientationLandscapeLeft UIInterfaceOrientationLandscapeRight";
				LD_RUNPATH_SEARCH_PATHS = (
					"$(inherited)",
					"@executable_path/Frameworks",
				);
				MARKETING_VERSION = 1.0;
				PRODUCT_BUNDLE_IDENTIFIER = haikallazuardi.Scan2Cook;
				PRODUCT_NAME = "$(TARGET_NAME)";
				SWIFT_EMIT_LOC_STRINGS = YES;
				SWIFT_VERSION = 5.0;
				TARGETED_DEVICE_FAMILY = "1,2";
			};
			name = Release;
		};
/* End XCBuildConfiguration section */

/* Begin XCConfigurationList section */
		DE6DB02A2A41A5E90035C427 /* Build configuration list for PBXProject "Scan2Cook" */ = {
			isa = XCConfigurationList;
			buildConfigurations = (
				DE6DB03B2A41A5EB0035C427 /* Debug */,
				DE6DB03C2A41A5EB0035C427 /* Release */,
			);
			defaultConfigurationIsVisible = 0;
			defaultConfigurationName = Release;
		};
		DE6DB03D2A41A5EB0035C427 /* Build configuration list for PBXNativeTarget "Scan2Cook" */ = {
			isa = XCConfigurationList;
			buildConfigurations = (
				DE6DB03E2A41A5EB0035C427 /* Debug */,
				DE6DB03F2A41A5EB0035C427 /* Release */,
			);
			defaultConfigurationIsVisible = 0;
			defaultConfigurationName = Release;
		};
/* End XCConfigurationList section */

/* Begin XCRemoteSwiftPackageReference section */
		DEE450F72A45FE0500D2EA4A /* XCRemoteSwiftPackageReference "swiftui-WrapLayout" */ = {
			isa = XCRemoteSwiftPackageReference;
			repositoryURL = "https://github.com/FluidGroup/swiftui-WrapLayout";
			requirement = {
				kind = upToNextMajorVersion;
				minimumVersion = 0.2.1;
			};
		};
/* End XCRemoteSwiftPackageReference section */

/* Begin XCSwiftPackageProductDependency section */
		DEE450F82A45FE0500D2EA4A /* WrapLayout */ = {
			isa = XCSwiftPackageProductDependency;
			package = DEE450F72A45FE0500D2EA4A /* XCRemoteSwiftPackageReference "swiftui-WrapLayout" */;
			productName = WrapLayout;
		};
/* End XCSwiftPackageProductDependency section */
	};
	rootObject = DE6DB0272A41A5E90035C427 /* Project object */;
}
